
Microsoft Visual Studio Solution File, Format Version 12.00
# Visual Studio Version 16
VisualStudioVersion = 16.0.31702.278
MinimumVisualStudioVersion = 10.0.40219.1
Project("{FAE04EC0-301F-11D3-BF4B-00C04F79EFBC}") = "LINQDemoMastek", "LINQDemoMastek\LINQDemoMastek.csproj", "{4976A3C9-F4A4-42F7-932C-2D90314F5418}"
EndProject
Global
	GlobalSection(SolutionConfigurationPlatforms) = preSolution
		Debug|Any CPU = Debug|Any CPU
		Release|Any CPU = Release|Any CPU
	EndGlobalSection
	GlobalSection(ProjectConfigurationPlatforms) = postSolution
		{4976A3C9-F4A4-42F7-932C-2D90314F5418}.Debug|Any CPU.ActiveCfg = Debug|Any CPU
		{4976A3C9-F4A4-42F7-932C-2D90314F5418}.Debug|Any CPU.Build.0 = Debug|Any CPU
		{4976A3C9-F4A4-42F7-932C-2D90314F5418}.Release|Any CPU.ActiveCfg = Release|Any CPU
		{4976A3C9-F4A4-42F7-932C-2D90314F5418}.Release|Any CPU.Build.0 = Release|Any CPU
	EndGlobalSection
	GlobalSection(SolutionProperties) = preSolution
		HideSolutionNode = FALSE
	EndGlobalSection
	GlobalSection(ExtensibilityGlobals) = postSolution
		SolutionGuid = {52161E2B-D3E1-4E2A-A91F-4552FBE1B2B8}
	EndGlobalSection
EndGlobal
