
Microsoft Visual Studio Solution File, Format Version 12.00
# Visual Studio Version 16
VisualStudioVersion = 16.0.31702.278
MinimumVisualStudioVersion = 10.0.40219.1
Project("{FAE04EC0-301F-11D3-BF4B-00C04F79EFBC}") = "DelegateDemoMastek", "DelegateDemoMastek\DelegateDemoMastek.csproj", "{850DE1CA-66AE-4E42-8442-11D6D6002992}"
EndProject
Global
	GlobalSection(SolutionConfigurationPlatforms) = preSolution
		Debug|Any CPU = Debug|Any CPU
		Release|Any CPU = Release|Any CPU
	EndGlobalSection
	GlobalSection(ProjectConfigurationPlatforms) = postSolution
		{850DE1CA-66AE-4E42-8442-11D6D6002992}.Debug|Any CPU.ActiveCfg = Debug|Any CPU
		{850DE1CA-66AE-4E42-8442-11D6D6002992}.Debug|Any CPU.Build.0 = Debug|Any CPU
		{850DE1CA-66AE-4E42-8442-11D6D6002992}.Release|Any CPU.ActiveCfg = Release|Any CPU
		{850DE1CA-66AE-4E42-8442-11D6D6002992}.Release|Any CPU.Build.0 = Release|Any CPU
	EndGlobalSection
	GlobalSection(SolutionProperties) = preSolution
		HideSolutionNode = FALSE
	EndGlobalSection
	GlobalSection(ExtensibilityGlobals) = postSolution
		SolutionGuid = {1FBF54BC-6F23-4B5F-90F8-5BC10ED1FBA6}
	EndGlobalSection
EndGlobal
