
Microsoft Visual Studio Solution File, Format Version 12.00
# Visual Studio Version 16
VisualStudioVersion = 16.0.31702.278
MinimumVisualStudioVersion = 10.0.40219.1
Project("{FAE04EC0-301F-11D3-BF4B-00C04F79EFBC}") = "Type_collection_demo", "Type_collection_demo\Type_collection_demo.csproj", "{EC369BD4-77F8-4910-AC2A-8B892A9703E2}"
EndProject
Global
	GlobalSection(SolutionConfigurationPlatforms) = preSolution
		Debug|Any CPU = Debug|Any CPU
		Release|Any CPU = Release|Any CPU
	EndGlobalSection
	GlobalSection(ProjectConfigurationPlatforms) = postSolution
		{EC369BD4-77F8-4910-AC2A-8B892A9703E2}.Debug|Any CPU.ActiveCfg = Debug|Any CPU
		{EC369BD4-77F8-4910-AC2A-8B892A9703E2}.Debug|Any CPU.Build.0 = Debug|Any CPU
		{EC369BD4-77F8-4910-AC2A-8B892A9703E2}.Release|Any CPU.ActiveCfg = Release|Any CPU
		{EC369BD4-77F8-4910-AC2A-8B892A9703E2}.Release|Any CPU.Build.0 = Release|Any CPU
	EndGlobalSection
	GlobalSection(SolutionProperties) = preSolution
		HideSolutionNode = FALSE
	EndGlobalSection
	GlobalSection(ExtensibilityGlobals) = postSolution
		SolutionGuid = {3B9DAA7C-A5EF-48F4-8C8D-B44624B310C3}
	EndGlobalSection
EndGlobal
